
Microsoft Visual Studio Solution File, Format Version 12.00
# Visual Studio Version 17
VisualStudioVersion = 17.5.33414.496
MinimumVisualStudioVersion = 10.0.40219.1
Project("{FAE04EC0-301F-11D3-BF4B-00C04F79EFBC}") = "proiect", "proiect.csproj", "{6857C486-2377-4F79-ADBB-2AE1E57A8B1E}"
EndProject
Global
	GlobalSection(SolutionConfigurationPlatforms) = preSolution
		Debug|Any CPU = Debug|Any CPU
		Release|Any CPU = Release|Any CPU
	EndGlobalSection
	GlobalSection(ProjectConfigurationPlatforms) = postSolution
		{6857C486-2377-4F79-ADBB-2AE1E57A8B1E}.Debug|Any CPU.ActiveCfg = Debug|Any CPU
		{6857C486-2377-4F79-ADBB-2AE1E57A8B1E}.Debug|Any CPU.Build.0 = Debug|Any CPU
		{6857C486-2377-4F79-ADBB-2AE1E57A8B1E}.Release|Any CPU.ActiveCfg = Release|Any CPU
		{6857C486-2377-4F79-ADBB-2AE1E57A8B1E}.Release|Any CPU.Build.0 = Release|Any CPU
	EndGlobalSection
	GlobalSection(SolutionProperties) = preSolution
		HideSolutionNode = FALSE
	EndGlobalSection
	GlobalSection(ExtensibilityGlobals) = postSolution
		SolutionGuid = {D490A24F-F633-4E51-86FC-85832FE10E67}
	EndGlobalSection
EndGlobal
